
Microsoft Visual Studio Solution File, Format Version 12.00
# Visual Studio Version 16
VisualStudioVersion = 16.0.30225.117
MinimumVisualStudioVersion = 10.0.40219.1
Project("{FAE04EC0-301F-11D3-BF4B-00C04F79EFBC}") = "SplinterCamoForAlex", "SplinterCamoForAlex\SplinterCamoForAlex.csproj", "{927B1237-2510-4F6D-A464-5A46EE219CAD}"
EndProject
Global
	GlobalSection(SolutionConfigurationPlatforms) = preSolution
		Debug|Any CPU = Debug|Any CPU
		Release|Any CPU = Release|Any CPU
	EndGlobalSection
	GlobalSection(ProjectConfigurationPlatforms) = postSolution
		{927B1237-2510-4F6D-A464-5A46EE219CAD}.Debug|Any CPU.ActiveCfg = Debug|Any CPU
		{927B1237-2510-4F6D-A464-5A46EE219CAD}.Debug|Any CPU.Build.0 = Debug|Any CPU
		{927B1237-2510-4F6D-A464-5A46EE219CAD}.Release|Any CPU.ActiveCfg = Release|Any CPU
		{927B1237-2510-4F6D-A464-5A46EE219CAD}.Release|Any CPU.Build.0 = Release|Any CPU
	EndGlobalSection
	GlobalSection(SolutionProperties) = preSolution
		HideSolutionNode = FALSE
	EndGlobalSection
	GlobalSection(ExtensibilityGlobals) = postSolution
		SolutionGuid = {0BE74D17-5C56-4487-A298-121A63714151}
	EndGlobalSection
EndGlobal
